
Microsoft Visual Studio Solution File, Format Version 12.00
# Visual Studio 14
VisualStudioVersion = 14.0.25420.1
MinimumVisualStudioVersion = 10.0.40219.1
Project("{FAE04EC0-301F-11D3-BF4B-00C04F79EFBC}") = "ClaseFilosofos", "ClaseFilosofos\ClaseFilosofos.csproj", "{D35E1263-45BB-431A-A147-D2A2AE3D23A1}"
EndProject
Project("{FAE04EC0-301F-11D3-BF4B-00C04F79EFBC}") = "AwfFilosofos", "AwfFilosofos\AwfFilosofos.csproj", "{84D502FD-8815-4F14-A67A-4DEF62FE7C1E}"
EndProject
Global
	GlobalSection(SolutionConfigurationPlatforms) = preSolution
		Debug|Any CPU = Debug|Any CPU
		Release|Any CPU = Release|Any CPU
	EndGlobalSection
	GlobalSection(ProjectConfigurationPlatforms) = postSolution
		{D35E1263-45BB-431A-A147-D2A2AE3D23A1}.Debug|Any CPU.ActiveCfg = Debug|Any CPU
		{D35E1263-45BB-431A-A147-D2A2AE3D23A1}.Debug|Any CPU.Build.0 = Debug|Any CPU
		{D35E1263-45BB-431A-A147-D2A2AE3D23A1}.Release|Any CPU.ActiveCfg = Release|Any CPU
		{D35E1263-45BB-431A-A147-D2A2AE3D23A1}.Release|Any CPU.Build.0 = Release|Any CPU
		{84D502FD-8815-4F14-A67A-4DEF62FE7C1E}.Debug|Any CPU.ActiveCfg = Debug|Any CPU
		{84D502FD-8815-4F14-A67A-4DEF62FE7C1E}.Debug|Any CPU.Build.0 = Debug|Any CPU
		{84D502FD-8815-4F14-A67A-4DEF62FE7C1E}.Release|Any CPU.ActiveCfg = Release|Any CPU
		{84D502FD-8815-4F14-A67A-4DEF62FE7C1E}.Release|Any CPU.Build.0 = Release|Any CPU
	EndGlobalSection
	GlobalSection(SolutionProperties) = preSolution
		HideSolutionNode = FALSE
	EndGlobalSection
EndGlobal
